{
  "name": "rails7_1_saving_drawings",
  "version": "1.0.0",
  "lockfileVersion": 3,
  "requires": true,
  "packages": {
    "": {
      "name": "rails7_1_saving_drawings",
      "version": "1.0.0",
      "dependencies": {
        "@hotwired/stimulus": "^3.2.2",
        "controllers": "^0.0.2"
      }
    },
    "node_modules/@hotwired/stimulus": {
      "version": "3.2.2",
      "resolved": "https://registry.npmjs.org/@hotwired/stimulus/-/stimulus-3.2.2.tgz",
      "integrity": "sha512-eGeIqNOQpXoPAIP7tC1+1Yc1yl1xnwYqg+3mzqxyrbE5pg5YFBZcA6YoTiByJB6DKAEsiWtl6tjTJS4IYtbB7A=="
    },
    "node_modules/controllers": {
      "version": "0.0.2",
      "resolved": "https://registry.npmjs.org/controllers/-/controllers-0.0.2.tgz",
      "integrity": "sha512-Xhe4m8rr1reyM9jHIxaJQMR/P7ItoXvYhqFATht/5XMWcuONaFbYUNnV7/6WxR58uc+d4OHU9rLuKYK+5KUopw==",
      "engines": {
        "node": "*"
      }
    }
  }
}
